<?xml version="1.0" encoding="utf-8"?>
<Project ToolsVersion="4.0" xmlns="http://schemas.microsoft.com/developer/msbuild/2003">
  <ItemGroup>
    <Filter Include="Source Files">
      <UniqueIdentifier>{4FC737F1-C7A5-4376-A066-2A32D752A2FF}</UniqueIdentifier>
      <Extensions>cpp;c;cc;cxx;def;odl;idl;hpj;bat;asm;asmx</Extensions>
    </Filter>
    <Filter Include="Header Files">
      <UniqueIdentifier>{93995380-89BD-4b04-88EB-625FBE52EBFB}</UniqueIdentifier>
      <Extensions>h;hpp;hxx;hm;inl;inc;xsd</Extensions>
    </Filter>
    <Filter Include="Resource Files">
      <UniqueIdentifier>{67DA6AB6-F800-4c08-8B7A-83BB121AAD01}</UniqueIdentifier>
      <Extensions>rc;ico;cur;bmp;dlg;rc2;rct;bin;rgs;gif;jpg;jpeg;jpe;resx;tiff;tif;png;wav;mfcribbon-ms</Extensions>
    </Filter>
  </ItemGroup>
  <ItemGroup>
    <ClInclude Include="NoximDefs.h">
      <Filter>Header Files</Filter>
    </ClInclude>
    <ClInclude Include="Output.h">
      <Filter>Header Files</Filter>
    </ClInclude>
    <ClInclude Include="TBuffer.h">
      <Filter>Header Files</Filter>
    </ClInclude>
    <ClInclude Include="TGlobalRoutingTable.h">
      <Filter>Header Files</Filter>
    </ClInclude>
    <ClInclude Include="TGlobalStats.h">
      <Filter>Header Files</Filter>
    </ClInclude>
    <ClInclude Include="TGlobalTrafficTable.h">
      <Filter>Header Files</Filter>
    </ClInclude>
    <ClInclude Include="TLocalRoutingTable.h">
      <Filter>Header Files</Filter>
    </ClInclude>
    <ClInclude Include="TNoC.h">
      <Filter>Header Files</Filter>
    </ClInclude>
    <ClInclude Include="TPower.h">
      <Filter>Header Files</Filter>
    </ClInclude>
    <ClInclude Include="TProcessingElement.h">
      <Filter>Header Files</Filter>
    </ClInclude>
    <ClInclude Include="TReservationTable.h">
      <Filter>Header Files</Filter>
    </ClInclude>
    <ClInclude Include="TRouter.h">
      <Filter>Header Files</Filter>
    </ClInclude>
    <ClInclude Include="TStats.h">
      <Filter>Header Files</Filter>
    </ClInclude>
    <ClInclude Include="TTile.h">
      <Filter>Header Files</Filter>
    </ClInclude>
  </ItemGroup>
  <ItemGroup>
    <ClCompile Include="main.cpp">
      <Filter>Source Files</Filter>
    </ClCompile>
    <ClCompile Include="Output.cpp">
      <Filter>Source Files</Filter>
    </ClCompile>
    <ClCompile Include="TBuffer.cpp">
      <Filter>Source Files</Filter>
    </ClCompile>
    <ClCompile Include="TGlobalRoutingTable.cpp">
      <Filter>Source Files</Filter>
    </ClCompile>
    <ClCompile Include="TGlobalStats.cpp">
      <Filter>Source Files</Filter>
    </ClCompile>
    <ClCompile Include="TGlobalTrafficTable.cpp">
      <Filter>Source Files</Filter>
    </ClCompile>
    <ClCompile Include="TLocalRoutingTable.cpp">
      <Filter>Source Files</Filter>
    </ClCompile>
    <ClCompile Include="TNoC.cpp">
      <Filter>Source Files</Filter>
    </ClCompile>
    <ClCompile Include="TPower.cpp">
      <Filter>Source Files</Filter>
    </ClCompile>
    <ClCompile Include="TProcessingElement.cpp">
      <Filter>Source Files</Filter>
    </ClCompile>
    <ClCompile Include="TReservationTable.cpp">
      <Filter>Source Files</Filter>
    </ClCompile>
    <ClCompile Include="TRouter.cpp">
      <Filter>Source Files</Filter>
    </ClCompile>
    <ClCompile Include="TStats.cpp">
      <Filter>Source Files</Filter>
    </ClCompile>
  </ItemGroup>
</Project>